
Microsoft Visual Studio Solution File, Format Version 12.00
# Visual Studio Version 17
VisualStudioVersion = 17.14.36518.9
MinimumVisualStudioVersion = 10.0.40219.1
Project("{FAE04EC0-301F-11D3-BF4B-00C04F79EFBC}") = "ChatServer", "ChatServer\ChatServer.csproj", "{CA9BC5E3-A16C-480D-AEED-53402DCC7B0E}"
EndProject
Project("{FAE04EC0-301F-11D3-BF4B-00C04F79EFBC}") = "ChatClient", "ChatClient\ChatClient.csproj", "{30182A43-6AE6-4220-9EA8-CFD1D5831C07}"
EndProject
Global
	GlobalSection(SolutionConfigurationPlatforms) = preSolution
		Debug|Any CPU = Debug|Any CPU
		Release|Any CPU = Release|Any CPU
	EndGlobalSection
	GlobalSection(ProjectConfigurationPlatforms) = postSolution
		{CA9BC5E3-A16C-480D-AEED-53402DCC7B0E}.Debug|Any CPU.ActiveCfg = Debug|Any CPU
		{CA9BC5E3-A16C-480D-AEED-53402DCC7B0E}.Debug|Any CPU.Build.0 = Debug|Any CPU
		{CA9BC5E3-A16C-480D-AEED-53402DCC7B0E}.Release|Any CPU.ActiveCfg = Release|Any CPU
		{CA9BC5E3-A16C-480D-AEED-53402DCC7B0E}.Release|Any CPU.Build.0 = Release|Any CPU
		{30182A43-6AE6-4220-9EA8-CFD1D5831C07}.Debug|Any CPU.ActiveCfg = Debug|Any CPU
		{30182A43-6AE6-4220-9EA8-CFD1D5831C07}.Debug|Any CPU.Build.0 = Debug|Any CPU
		{30182A43-6AE6-4220-9EA8-CFD1D5831C07}.Release|Any CPU.ActiveCfg = Release|Any CPU
		{30182A43-6AE6-4220-9EA8-CFD1D5831C07}.Release|Any CPU.Build.0 = Release|Any CPU
	EndGlobalSection
	GlobalSection(SolutionProperties) = preSolution
		HideSolutionNode = FALSE
	EndGlobalSection
	GlobalSection(ExtensibilityGlobals) = postSolution
		SolutionGuid = {B0095C8F-2C0E-4545-9DD0-6EA1D182A3D2}
	EndGlobalSection
EndGlobal
